
Microsoft Visual Studio Solution File, Format Version 12.00
# Visual Studio Version 17
VisualStudioVersion = 17.10.35013.160
MinimumVisualStudioVersion = 10.0.40219.1
Project("{9A19103F-16F7-4668-BE54-9A1E7A4F7556}") = "APICatalogo", "APICatalogo\APICatalogo.csproj", "{ACE0FDE6-4458-42DD-8F5A-7C844AAF1538}"
EndProject
Project("{9A19103F-16F7-4668-BE54-9A1E7A4F7556}") = "ApiCatalogoxUnitTests", "ApiCatalogoxUnitTests\ApiCatalogoxUnitTests.csproj", "{80AFA40A-39B5-47BD-9702-DAE234D18221}"
EndProject
Project("{FAE04EC0-301F-11D3-BF4B-00C04F79EFBC}") = "ApiCatalogo.IntegrationTests", "ApiCatalogo.IntegrationTests\ApiCatalogo.IntegrationTests.csproj", "{D4547943-BCF7-48F8-93BA-F4A1AEEA51ED}"
EndProject
Global
	GlobalSection(SolutionConfigurationPlatforms) = preSolution
		Debug|Any CPU = Debug|Any CPU
		Release|Any CPU = Release|Any CPU
	EndGlobalSection
	GlobalSection(ProjectConfigurationPlatforms) = postSolution
		{ACE0FDE6-4458-42DD-8F5A-7C844AAF1538}.Debug|Any CPU.ActiveCfg = Debug|Any CPU
		{ACE0FDE6-4458-42DD-8F5A-7C844AAF1538}.Debug|Any CPU.Build.0 = Debug|Any CPU
		{ACE0FDE6-4458-42DD-8F5A-7C844AAF1538}.Release|Any CPU.ActiveCfg = Release|Any CPU
		{ACE0FDE6-4458-42DD-8F5A-7C844AAF1538}.Release|Any CPU.Build.0 = Release|Any CPU
		{80AFA40A-39B5-47BD-9702-DAE234D18221}.Debug|Any CPU.ActiveCfg = Debug|Any CPU
		{80AFA40A-39B5-47BD-9702-DAE234D18221}.Debug|Any CPU.Build.0 = Debug|Any CPU
		{80AFA40A-39B5-47BD-9702-DAE234D18221}.Release|Any CPU.ActiveCfg = Release|Any CPU
		{80AFA40A-39B5-47BD-9702-DAE234D18221}.Release|Any CPU.Build.0 = Release|Any CPU
		{D4547943-BCF7-48F8-93BA-F4A1AEEA51ED}.Debug|Any CPU.ActiveCfg = Debug|Any CPU
		{D4547943-BCF7-48F8-93BA-F4A1AEEA51ED}.Debug|Any CPU.Build.0 = Debug|Any CPU
		{D4547943-BCF7-48F8-93BA-F4A1AEEA51ED}.Release|Any CPU.ActiveCfg = Release|Any CPU
		{D4547943-BCF7-48F8-93BA-F4A1AEEA51ED}.Release|Any CPU.Build.0 = Release|Any CPU
	EndGlobalSection
	GlobalSection(SolutionProperties) = preSolution
		HideSolutionNode = FALSE
	EndGlobalSection
	GlobalSection(ExtensibilityGlobals) = postSolution
		SolutionGuid = {189AAF3B-464B-4818-9864-C04789F4108B}
	EndGlobalSection
EndGlobal
